0000100010002000100030001
01001000000000000000000000000
0200100010014
03001000101030014
040010001010202030014
050010001000100020014
060010001000100020001000100030014
070010001010202030014
0001100010115001400020001000100020002000100010002
010110401011502160014000100010002000100010003
0201100150002000100160016001700170018001800010001
00021000101140003000100010001
